// !$*UTF8*$!
{
	archiveVersion = 1;
	classes = {
	};
	objectVersion = 50;
	objects = {

/* Begin PBXBuildFile section */
		7607615F229D2E8500451EBB /* AppDelegate.swift in Sources */ = {isa = PBXBuildFile; fileRef = 7607615E229D2E8500451EBB /* AppDelegate.swift */; };
		76076164229D2E8500451EBB /* Main.storyboard in Resources */ = {isa = PBXBuildFile; fileRef = 76076162229D2E8500451EBB /* Main.storyboard */; };
		76076166229D2E8600451EBB /* Assets.xcassets in Resources */ = {isa = PBXBuildFile; fileRef = 76076165229D2E8600451EBB /* Assets.xcassets */; };
		76076169229D2E8600451EBB /* LaunchScreen.storyboard in Resources */ = {isa = PBXBuildFile; fileRef = 76076167229D2E8600451EBB /* LaunchScreen.storyboard */; };
		76076171229D300C00451EBB /* TableViewController.swift in Sources */ = {isa = PBXBuildFile; fileRef = 76076170229D300C00451EBB /* TableViewController.swift */; };
		76076173229D303C00451EBB /* AddViewController.swift in Sources */ = {isa = PBXBuildFile; fileRef = 76076172229D303C00451EBB /* AddViewController.swift */; };
		76076175229D305700451EBB /* DetailViewController.swift in Sources */ = {isa = PBXBuildFile; fileRef = 76076174229D305700451EBB /* DetailViewController.swift */; };
		76076179229D311B00451EBB /* IMG_0986.jpeg in Resources */ = {isa = PBXBuildFile; fileRef = 76076176229D311B00451EBB /* IMG_0986.jpeg */; };
		7607617A229D311B00451EBB /* IMG_0985.jpeg in Resources */ = {isa = PBXBuildFile; fileRef = 76076177229D311B00451EBB /* IMG_0985.jpeg */; };
		7607617B229D311B00451EBB /* IMG_0984.jpeg in Resources */ = {isa = PBXBuildFile; fileRef = 76076178229D311B00451EBB /* IMG_0984.jpeg */; };
/* End PBXBuildFile section */

/* Begin PBXFileReference section */
		7607615B229D2E8500451EBB /* Table.app */ = {isa = PBXFileReference; explicitFileType = wrapper.application; includeInIndex = 0; path = Table.app; sourceTree = BUILT_PRODUCTS_DIR; };
		7607615E229D2E8500451EBB /* AppDelegate.swift */ = {isa = PBXFileReference; lastKnownFileType = sourcecode.swift; path = AppDelegate.swift; sourceTree = "<group>"; };
		76076163229D2E8500451EBB /* Base */ = {isa = PBXFileReference; lastKnownFileType = file.storyboard; name = Base; path = Base.lproj/Main.storyboard; sourceTree = "<group>"; };
		76076165229D2E8600451EBB /* Assets.xcassets */ = {isa = PBXFileReference; lastKnownFileType = folder.assetcatalog; path = Assets.xcassets; sourceTree = "<group>"; };
		76076168229D2E8600451EBB /* Base */ = {isa = PBXFileReference; lastKnownFileType = file.storyboard; name = Base; path = Base.lproj/LaunchScreen.storyboard; sourceTree = "<group>"; };
		7607616A229D2E8600451EBB /* Info.plist */ = {isa = PBXFileReference; lastKnownFileType = text.plist.xml; path = Info.plist; sourceTree = "<group>"; };
		76076170229D300C00451EBB /* TableViewController.swift */ = {isa = PBXFileReference; lastKnownFileType = sourcecode.swift; path = TableViewController.swift; sourceTree = "<group>"; };
		76076172229D303C00451EBB /* AddViewController.swift */ = {isa = PBXFileReference; lastKnownFileType = sourcecode.swift; path = AddViewController.swift; sourceTree = "<group>"; };
		76076174229D305700451EBB /* DetailViewController.swift */ = {isa = PBXFileReference; lastKnownFileType = sourcecode.swift; path = DetailViewController.swift; sourceTree = "<group>"; };
		76076176229D311B00451EBB /* IMG_0986.jpeg */ = {isa = PBXFileReference; lastKnownFileType = image.jpeg; path = IMG_0986.jpeg; sourceTree = "<group>"; };
		76076177229D311B00451EBB /* IMG_0985.jpeg */ = {isa = PBXFileReference; lastKnownFileType = image.jpeg; path = IMG_0985.jpeg; sourceTree = "<group>"; };
		76076178229D311B00451EBB /* IMG_0984.jpeg */ = {isa = PBXFileReference; lastKnownFileType = image.jpeg; path = IMG_0984.jpeg; sourceTree = "<group>"; };
/* End PBXFileReference section */

/* Begin PBXFrameworksBuildPhase section */
		76076158229D2E8500451EBB /* Frameworks */ = {
			isa = PBXFrameworksBuildPhase;
			buildActionMask = 2147483647;
			files = (
			);
			runOnlyForDeploymentPostprocessing = 0;
		};
/* End PBXFrameworksBuildPhase section */

/* Begin PBXGroup section */
		76076152229D2E8500451EBB = {
			isa = PBXGroup;
			children = (
				7607615D229D2E8500451EBB /* Table */,
				7607615C229D2E8500451EBB /* Products */,
			);
			sourceTree = "<group>";
		};
		7607615C229D2E8500451EBB /* Products */ = {
			isa = PBXGroup;
			children = (
				7607615B229D2E8500451EBB /* Table.app */,
			);
			name = Products;
			sourceTree = "<group>";
		};
		7607615D229D2E8500451EBB /* Table */ = {
			isa = PBXGroup;
			children = (
				76076178229D311B00451EBB /* IMG_0984.jpeg */,
				76076177229D311B00451EBB /* IMG_0985.jpeg */,
				76076176229D311B00451EBB /* IMG_0986.jpeg */,
				7607615E229D2E8500451EBB /* AppDelegate.swift */,
				76076174229D305700451EBB /* DetailViewController.swift */,
				76076172229D303C00451EBB /* AddViewController.swift */,
				76076170229D300C00451EBB /* TableViewController.swift */,
				76076162229D2E8500451EBB /* Main.storyboard */,
				76076165229D2E8600451EBB /* Assets.xcassets */,
				76076167229D2E8600451EBB /* LaunchScreen.storyboard */,
				7607616A229D2E8600451EBB /* Info.plist */,
			);
			path = Table;
			sourceTree = "<group>";
		};
/* End PBXGroup section */

/* Begin PBXNativeTarget section */
		7607615A229D2E8500451EBB /* Table */ = {
			isa = PBXNativeTarget;
			buildConfigurationList = 7607616D229D2E8600451EBB /* Build configuration list for PBXNativeTarget "Table" */;
			buildPhases = (
				76076157229D2E8500451EBB /* Sources */,
				76076158229D2E8500451EBB /* Frameworks */,
				76076159229D2E8500451EBB /* Resources */,
			);
			buildRules = (
			);
			dependencies = (
			);
			name = Table;
			productName = Table;
			productReference = 7607615B229D2E8500451EBB /* Table.app */;
			productType = "com.apple.product-type.application";
		};
/* End PBXNativeTarget section */

/* Begin PBXProject section */
		76076153229D2E8500451EBB /* Project object */ = {
			isa = PBXProject;
			attributes = {
				LastSwiftUpdateCheck = 1020;
				LastUpgradeCheck = 1020;
				ORGANIZATIONNAME = Xellos;
				TargetAttributes = {
					7607615A229D2E8500451EBB = {
						CreatedOnToolsVersion = 10.2.1;
					};
				};
			};
			buildConfigurationList = 76076156229D2E8500451EBB /* Build configuration list for PBXProject "Table" */;
			compatibilityVersion = "Xcode 9.3";
			developmentRegion = en;
			hasScannedForEncodings = 0;
			knownRegions = (
				en,
				Base,
			);
			mainGroup = 76076152229D2E8500451EBB;
			productRefGroup = 7607615C229D2E8500451EBB /* Products */;
			projectDirPath = "";
			projectRoot = "";
			targets = (
				7607615A229D2E8500451EBB /* Table */,
			);
		};
/* End PBXProject section */

/* Begin PBXResourcesBuildPhase section */
		76076159229D2E8500451EBB /* Resources */ = {
			isa = PBXResourcesBuildPhase;
			buildActionMask = 2147483647;
			files = (
				76076179229D311B00451EBB /* IMG_0986.jpeg in Resources */,
				7607617A229D311B00451EBB /* IMG_0985.jpeg in Resources */,
				7607617B229D311B00451EBB /* IMG_0984.jpeg in Resources */,
				76076169229D2E8600451EBB /* LaunchScreen.storyboard in Resources */,
				76076166229D2E8600451EBB /* Assets.xcassets in Resources */,
				76076164229D2E8500451EBB /* Main.storyboard in Resources */,
			);
			runOnlyForDeploymentPostprocessing = 0;
		};
/* End PBXResourcesBuildPhase section */

/* Begin PBXSourcesBuildPhase section */
		76076157229D2E8500451EBB /* Sources */ = {
			isa = PBXSourcesBuildPhase;
			buildActionMask = 2147483647;
			files = (
				7607615F229D2E8500451EBB /* AppDelegate.swift in Sources */,
				76076171229D300C00451EBB /* TableViewController.swift in Sources */,
				76076173229D303C00451EBB /* AddViewController.swift in Sources */,
				76076175229D305700451EBB /* DetailViewController.swift in Sources */,
			);
			runOnlyForDeploymentPostprocessing = 0;
		};
/* End PBXSourcesBuildPhase section */

/* Begin PBXVariantGroup section */
		76076162229D2E8500451EBB /* Main.storyboard */ = {
			isa = PBXVariantGroup;
			children = (
				76076163229D2E8500451EBB /* Base */,
			);
			name = Main.storyboard;
			sourceTree = "<group>";
		};
		76076167229D2E8600451EBB /* LaunchScreen.storyboard */ = {
			isa = PBXVariantGroup;
			children = (
				76076168229D2E8600451EBB /* Base */,
			);
			name = LaunchScreen.storyboard;
			sourceTree = "<group>";
		};
/* End PBXVariantGroup section */

/* Begin XCBuildConfiguration section */
		7607616B229D2E8600451EBB /* Debug */ = {
			isa = XCBuildConfiguration;
			buildSettings = {
				ALWAYS_SEARCH_USER_PATHS = NO;
				CLANG_ANALYZER_NONNULL = YES;
				CLANG_ANALYZER_NUMBER_OBJECT_CONVERSION = YES_AGGRESSIVE;
				CLANG_CXX_LANGUAGE_STANDARD = "gnu++14";
				CLANG_CXX_LIBRARY = "libc++";
				CLANG_ENABLE_MODULES = YES;
				CLANG_ENABLE_OBJC_ARC = YES;
				CLANG_ENABLE_OBJC_WEAK = YES;
				CLANG_WARN_BLOCK_CAPTURE_AUTORELEASING = YES;
				CLANG_WARN_BOOL_CONVERSION = YES;
				CLANG_WARN_COMMA = YES;
				CLANG_WARN_CONSTANT_CONVERSION = YES;
				CLANG_WARN_DEPRECATED_OBJC_IMPLEMENTATIONS = YES;
				CLANG_WARN_DIRECT_OBJC_ISA_USAGE = YES_ERROR;
				CLANG_WARN_DOCUMENTATION_COMMENTS = YES;
				CLANG_WARN_EMPTY_BODY = YES;
				CLANG_WARN_ENUM_CONVERSION = YES;
				CLANG_WARN_INFINITE_RECURSION = YES;
				CLANG_WARN_INT_CONVERSION = YES;
				CLANG_WARN_NON_LITERAL_NULL_CONVERSION = YES;
				CLANG_WARN_OBJC_IMPLICIT_RETAIN_SELF = YES;
				CLANG_WARN_OBJC_LITERAL_CONVERSION = YES;
				CLANG_WARN_OBJC_ROOT_CLASS = YES_ERROR;
				CLANG_WARN_RANGE_LOOP_ANALYSIS = YES;
				CLANG_WARN_STRICT_PROTOTYPES = YES;
				CLANG_WARN_SUSPICIOUS_MOVE = YES;
				CLANG_WARN_UNGUARDED_AVAILABILITY = YES_AGGRESSIVE;
				CLANG_WARN_UNREACHABLE_CODE = YES;
				CLANG_WARN__DUPLICATE_METHOD_MATCH = YES;
				CODE_SIGN_IDENTITY = "iPhone Developer";
				COPY_PHASE_STRIP = NO;
				DEBUG_INFORMATION_FORMAT = dwarf;
				ENABLE_STRICT_OBJC_MSGSEND = YES;
				ENABLE_TESTABILITY = YES;
				GCC_C_LANGUAGE_STANDARD = gnu11;
				GCC_DYNAMIC_NO_PIC = NO;
				GCC_NO_COMMON_BLOCKS = YES;
				GCC_OPTIMIZATION_LEVEL = 0;
				GCC_PREPROCESSOR_DEFINITIONS = (
					"DEBUG=1",
					"$(inherited)",
				);
				GCC_WARN_64_TO_32_BIT_CONVERSION = YES;
				GCC_WARN_ABOUT_RETURN_TYPE = YES_ERROR;
				GCC_WARN_UNDECLARED_SELECTOR = YES;
				GCC_WARN_UNINITIALIZED_AUTOS = YES_AGGRESSIVE;
				GCC_WARN_UNUSED_FUNCTION = YES;
				GCC_WARN_UNUSED_VARIABLE = YES;
				IPHONEOS_DEPLOYMENT_TARGET = 12.2;
				MTL_ENABLE_DEBUG_INFO = INCLUDE_SOURCE;
				MTL_FAST_MATH = YES;
				ONLY_ACTIVE_ARCH = YES;
				SDKROOT = iphoneos;
				SWIFT_ACTIVE_COMPILATION_CONDITIONS = DEBUG;
				SWIFT_OPTIMIZATION_LEVEL = "-Onone";
			};
			name = Debug;
		};
		7607616C229D2E8600451EBB /* Release */ = {
			isa = XCBuildConfiguration;
			buildSettings = {
				ALWAYS_SEARCH_USER_PATHS = NO;
				CLANG_ANALYZER_NONNULL = YES;
				CLANG_ANALYZER_NUMBER_OBJECT_CONVERSION = YES_AGGRESSIVE;
				CLANG_CXX_LANGUAGE_STANDARD = "gnu++14";
				CLANG_CXX_LIBRARY = "libc++";
				CLANG_ENABLE_MODULES = YES;
				CLANG_ENABLE_OBJC_ARC = YES;
				CLANG_ENABLE_OBJC_WEAK = YES;
				CLANG_WARN_BLOCK_CAPTURE_AUTORELEASING = YES;
				CLANG_WARN_BOOL_CONVERSION = YES;
				CLANG_WARN_COMMA = YES;
				CLANG_WARN_CONSTANT_CONVERSION = YES;
				CLANG_WARN_DEPRECATED_OBJC_IMPLEMENTATIONS = YES;
				CLANG_WARN_DIRECT_OBJC_ISA_USAGE = YES_ERROR;
				CLANG_WARN_DOCUMENTATION_COMMENTS = YES;
				CLANG_WARN_EMPTY_BODY = YES;
				CLANG_WARN_ENUM_CONVERSION = YES;
				CLANG_WARN_INFINITE_RECURSION = YES;
				CLANG_WARN_INT_CONVERSION = YES;
				CLANG_WARN_NON_LITERAL_NULL_CONVERSION = YES;
				CLANG_WARN_OBJC_IMPLICIT_RETAIN_SELF = YES;
				CLANG_WARN_OBJC_LITERAL_CONVERSION = YES;
				CLANG_WARN_OBJC_ROOT_CLASS = YES_ERROR;
				CLANG_WARN_RANGE_LOOP_ANALYSIS = YES;
				CLANG_WARN_STRICT_PROTOTYPES = YES;
				CLANG_WARN_SUSPICIOUS_MOVE = YES;
				CLANG_WARN_UNGUARDED_AVAILABILITY = YES_AGGRESSIVE;
				CLANG_WARN_UNREACHABLE_CODE = YES;
				CLANG_WARN__DUPLICATE_METHOD_MATCH = YES;
				CODE_SIGN_IDENTITY = "iPhone Developer";
				COPY_PHASE_STRIP = NO;
				DEBUG_INFORMATION_FORMAT = "dwarf-with-dsym";
				ENABLE_NS_ASSERTIONS = NO;
				ENABLE_STRICT_OBJC_MSGSEND = YES;
				GCC_C_LANGUAGE_STANDARD = gnu11;
				GCC_NO_COMMON_BLOCKS = YES;
				GCC_WARN_64_TO_32_BIT_CONVERSION = YES;
				GCC_WARN_ABOUT_RETURN_TYPE = YES_ERROR;
				GCC_WARN_UNDECLARED_SELECTOR = YES;
				GCC_WARN_UNINITIALIZED_AUTOS = YES_AGGRESSIVE;
				GCC_WARN_UNUSED_FUNCTION = YES;
				GCC_WARN_UNUSED_VARIABLE = YES;
				IPHONEOS_DEPLOYMENT_TARGET = 12.2;
				MTL_ENABLE_DEBUG_INFO = NO;
				MTL_FAST_MATH = YES;
				SDKROOT = iphoneos;
				SWIFT_COMPILATION_MODE = wholemodule;
				SWIFT_OPTIMIZATION_LEVEL = "-O";
				VALIDATE_PRODUCT = YES;
			};
			name = Release;
		};
		7607616E229D2E8600451EBB /* Debug */ = {
			isa = XCBuildConfiguration;
			buildSettings = {
				ASSETCATALOG_COMPILER_APPICON_NAME = AppIcon;
				CODE_SIGN_STYLE = Automatic;
				INFOPLIST_FILE = Table/Info.plist;
				LD_RUNPATH_SEARCH_PATHS = (
					"$(inherited)",
					"@executable_path/Frameworks",
				);
				PRODUCT_BUNDLE_IDENTIFIER = com.Xellos.Table;
				PRODUCT_NAME = "$(TARGET_NAME)";
				SWIFT_VERSION = 5.0;
				TARGETED_DEVICE_FAMILY = "1,2";
			};
			name = Debug;
		};
		7607616F229D2E8600451EBB /* Release */ = {
			isa = XCBuildConfiguration;
			buildSettings = {
				ASSETCATALOG_COMPILER_APPICON_NAME = AppIcon;
				CODE_SIGN_STYLE = Automatic;
				INFOPLIST_FILE = Table/Info.plist;
				LD_RUNPATH_SEARCH_PATHS = (
					"$(inherited)",
					"@executable_path/Frameworks",
				);
				PRODUCT_BUNDLE_IDENTIFIER = com.Xellos.Table;
				PRODUCT_NAME = "$(TARGET_NAME)";
				SWIFT_VERSION = 5.0;
				TARGETED_DEVICE_FAMILY = "1,2";
			};
			name = Release;
		};
/* End XCBuildConfiguration section */

/* Begin XCConfigurationList section */
		76076156229D2E8500451EBB /* Build configuration list for PBXProject "Table" */ = {
			isa = XCConfigurationList;
			buildConfigurations = (
				7607616B229D2E8600451EBB /* Debug */,
				7607616C229D2E8600451EBB /* Release */,
			);
			defaultConfigurationIsVisible = 0;
			defaultConfigurationName = Release;
		};
		7607616D229D2E8600451EBB /* Build configuration list for PBXNativeTarget "Table" */ = {
			isa = XCConfigurationList;
			buildConfigurations = (
				7607616E229D2E8600451EBB /* Debug */,
				7607616F229D2E8600451EBB /* Release */,
			);
			defaultConfigurationIsVisible = 0;
			defaultConfigurationName = Release;
		};
/* End XCConfigurationList section */
	};
	rootObject = 76076153229D2E8500451EBB /* Project object */;
}
